
Microsoft Visual Studio Solution File, Format Version 10.00
# Visual Studio 2008
Project("{FAE04EC0-301F-11D3-BF4B-00C04F79EFBC}") = "WCSAGUI", "WCSAGUI\WCSAGUI.csproj", "{2CC525DE-845D-46BB-91BC-657F5F93AAEA}"
EndProject
Project("{FAE04EC0-301F-11D3-BF4B-00C04F79EFBC}") = "WCSAConsole", "WCSAConsole\WCSAConsole.csproj", "{2DC1AE41-0B5A-4804-9240-8D95856A18AA}"
EndProject
Project("{FAE04EC0-301F-11D3-BF4B-00C04F79EFBC}") = "WCSA", "WCSA\WCSA.csproj", "{1F60F9CA-90CE-4368-8E14-33F5DEB0DE74}"
EndProject
Global
	GlobalSection(SolutionConfigurationPlatforms) = preSolution
		Debug|Any CPU = Debug|Any CPU
		Release|Any CPU = Release|Any CPU
	EndGlobalSection
	GlobalSection(ProjectConfigurationPlatforms) = postSolution
		{2CC525DE-845D-46BB-91BC-657F5F93AAEA}.Debug|Any CPU.ActiveCfg = Debug|Any CPU
		{2CC525DE-845D-46BB-91BC-657F5F93AAEA}.Debug|Any CPU.Build.0 = Debug|Any CPU
		{2CC525DE-845D-46BB-91BC-657F5F93AAEA}.Release|Any CPU.ActiveCfg = Release|Any CPU
		{2CC525DE-845D-46BB-91BC-657F5F93AAEA}.Release|Any CPU.Build.0 = Release|Any CPU
		{2DC1AE41-0B5A-4804-9240-8D95856A18AA}.Debug|Any CPU.ActiveCfg = Debug|Any CPU
		{2DC1AE41-0B5A-4804-9240-8D95856A18AA}.Debug|Any CPU.Build.0 = Debug|Any CPU
		{2DC1AE41-0B5A-4804-9240-8D95856A18AA}.Release|Any CPU.ActiveCfg = Release|Any CPU
		{2DC1AE41-0B5A-4804-9240-8D95856A18AA}.Release|Any CPU.Build.0 = Release|Any CPU
		{1F60F9CA-90CE-4368-8E14-33F5DEB0DE74}.Debug|Any CPU.ActiveCfg = Debug|Any CPU
		{1F60F9CA-90CE-4368-8E14-33F5DEB0DE74}.Debug|Any CPU.Build.0 = Debug|Any CPU
		{1F60F9CA-90CE-4368-8E14-33F5DEB0DE74}.Release|Any CPU.ActiveCfg = Release|Any CPU
		{1F60F9CA-90CE-4368-8E14-33F5DEB0DE74}.Release|Any CPU.Build.0 = Release|Any CPU
	EndGlobalSection
	GlobalSection(SolutionProperties) = preSolution
		HideSolutionNode = FALSE
	EndGlobalSection
EndGlobal
